
Microsoft Visual Studio Solution File, Format Version 12.00
# Visual Studio 15
VisualStudioVersion = 15.0.26730.16
MinimumVisualStudioVersion = 10.0.40219.1
Project("{FAE04EC0-301F-11D3-BF4B-00C04F79EFBC}") = "DiceWithDeath.GUI", "DiceWithDeath.GUI\DiceWithDeath.GUI.csproj", "{9943C742-ADF3-46CA-ACFC-73736B779ACD}"
EndProject
Project("{FAE04EC0-301F-11D3-BF4B-00C04F79EFBC}") = "DiceWithDeath.Tests", "DiceWithDeath.Tests\DiceWithDeath.Tests.csproj", "{730C818B-112C-4D6A-9069-9BEFBF6F1ACA}"
EndProject
Project("{FAE04EC0-301F-11D3-BF4B-00C04F79EFBC}") = "DiceWithDeath.Logic", "DiceWithDeath.Logic\DiceWithDeath.Logic.csproj", "{A7591645-1936-45B3-88E6-F9164A95045D}"
EndProject
Global
	GlobalSection(SolutionConfigurationPlatforms) = preSolution
		Debug|Any CPU = Debug|Any CPU
		Release|Any CPU = Release|Any CPU
	EndGlobalSection
	GlobalSection(ProjectConfigurationPlatforms) = postSolution
		{9943C742-ADF3-46CA-ACFC-73736B779ACD}.Debug|Any CPU.ActiveCfg = Debug|Any CPU
		{9943C742-ADF3-46CA-ACFC-73736B779ACD}.Debug|Any CPU.Build.0 = Debug|Any CPU
		{9943C742-ADF3-46CA-ACFC-73736B779ACD}.Release|Any CPU.ActiveCfg = Release|Any CPU
		{9943C742-ADF3-46CA-ACFC-73736B779ACD}.Release|Any CPU.Build.0 = Release|Any CPU
		{730C818B-112C-4D6A-9069-9BEFBF6F1ACA}.Debug|Any CPU.ActiveCfg = Debug|Any CPU
		{730C818B-112C-4D6A-9069-9BEFBF6F1ACA}.Debug|Any CPU.Build.0 = Debug|Any CPU
		{730C818B-112C-4D6A-9069-9BEFBF6F1ACA}.Release|Any CPU.ActiveCfg = Release|Any CPU
		{730C818B-112C-4D6A-9069-9BEFBF6F1ACA}.Release|Any CPU.Build.0 = Release|Any CPU
		{A7591645-1936-45B3-88E6-F9164A95045D}.Debug|Any CPU.ActiveCfg = Debug|Any CPU
		{A7591645-1936-45B3-88E6-F9164A95045D}.Debug|Any CPU.Build.0 = Debug|Any CPU
		{A7591645-1936-45B3-88E6-F9164A95045D}.Release|Any CPU.ActiveCfg = Release|Any CPU
		{A7591645-1936-45B3-88E6-F9164A95045D}.Release|Any CPU.Build.0 = Release|Any CPU
	EndGlobalSection
	GlobalSection(SolutionProperties) = preSolution
		HideSolutionNode = FALSE
	EndGlobalSection
	GlobalSection(ExtensibilityGlobals) = postSolution
		SolutionGuid = {23C69C9C-1E5B-4D20-81F8-07938ED938BA}
	EndGlobalSection
EndGlobal
